
Microsoft Visual Studio Solution File, Format Version 12.00
# Visual Studio Version 17
VisualStudioVersion = 17.11.35219.272
MinimumVisualStudioVersion = 10.0.40219.1
Project("{FAE04EC0-301F-11D3-BF4B-00C04F79EFBC}") = "CakeBuild", "CakeBuild\CakeBuild.csproj", "{188A8D97-80D8-45A6-96A9-F0ABFF5534F6}"
EndProject
Project("{FAE04EC0-301F-11D3-BF4B-00C04F79EFBC}") = "Verticality", "Verticality\Verticality.csproj", "{3DA44231-D02C-4179-BD9D-908815ABC3D8}"
EndProject
Global
	GlobalSection(SolutionConfigurationPlatforms) = preSolution
		Debug|Any CPU = Debug|Any CPU
		Release|Any CPU = Release|Any CPU
	EndGlobalSection
	GlobalSection(ProjectConfigurationPlatforms) = postSolution
		{188A8D97-80D8-45A6-96A9-F0ABFF5534F6}.Debug|Any CPU.ActiveCfg = Debug|Any CPU
		{188A8D97-80D8-45A6-96A9-F0ABFF5534F6}.Debug|Any CPU.Build.0 = Debug|Any CPU
		{188A8D97-80D8-45A6-96A9-F0ABFF5534F6}.Release|Any CPU.ActiveCfg = Release|Any CPU
		{188A8D97-80D8-45A6-96A9-F0ABFF5534F6}.Release|Any CPU.Build.0 = Release|Any CPU
		{3DA44231-D02C-4179-BD9D-908815ABC3D8}.Debug|Any CPU.ActiveCfg = Debug|Any CPU
		{3DA44231-D02C-4179-BD9D-908815ABC3D8}.Debug|Any CPU.Build.0 = Debug|Any CPU
		{3DA44231-D02C-4179-BD9D-908815ABC3D8}.Release|Any CPU.ActiveCfg = Release|Any CPU
		{3DA44231-D02C-4179-BD9D-908815ABC3D8}.Release|Any CPU.Build.0 = Release|Any CPU
	EndGlobalSection
	GlobalSection(SolutionProperties) = preSolution
		HideSolutionNode = FALSE
	EndGlobalSection
	GlobalSection(ExtensibilityGlobals) = postSolution
		SolutionGuid = {BB8DCEE6-487B-455A-AF36-790B093B1ACD}
	EndGlobalSection
EndGlobal
